
Microsoft Visual Studio Solution File, Format Version 12.00
# Visual Studio Version 16
VisualStudioVersion = 16.0.31105.61
MinimumVisualStudioVersion = 10.0.40219.1
Project("{FAE04EC0-301F-11D3-BF4B-00C04F79EFBC}") = "CustomerManager", "CustomerManager\CustomerManager.csproj", "{E0FEBC1E-311C-48BA-8ECE-767D75EACD73}"
EndProject
Global
	GlobalSection(SolutionConfigurationPlatforms) = preSolution
		Debug|Any CPU = Debug|Any CPU
		Release|Any CPU = Release|Any CPU
	EndGlobalSection
	GlobalSection(ProjectConfigurationPlatforms) = postSolution
		{E0FEBC1E-311C-48BA-8ECE-767D75EACD73}.Debug|Any CPU.ActiveCfg = Debug|Any CPU
		{E0FEBC1E-311C-48BA-8ECE-767D75EACD73}.Debug|Any CPU.Build.0 = Debug|Any CPU
		{E0FEBC1E-311C-48BA-8ECE-767D75EACD73}.Release|Any CPU.ActiveCfg = Release|Any CPU
		{E0FEBC1E-311C-48BA-8ECE-767D75EACD73}.Release|Any CPU.Build.0 = Release|Any CPU
	EndGlobalSection
	GlobalSection(SolutionProperties) = preSolution
		HideSolutionNode = FALSE
	EndGlobalSection
	GlobalSection(ExtensibilityGlobals) = postSolution
		SolutionGuid = {BFF9FE9D-E1AC-4FAC-8CF1-70F2A4E6321F}
	EndGlobalSection
EndGlobal
